{
  "nodes": {
    "flake-utils": {
      "locked": {
        "lastModified": 1659877975,
        "narHash": "sha256-zllb8aq3YO3h8B/U0/J1WBgAL8EX5yWf5pMj3G0NAmc=",
        "owner": "numtide",
        "repo": "flake-utils",
        "rev": "c0e246b9b83f637f4681389ecabcb2681b4f3af0",
        "type": "github"
      },
      "original": {
        "owner": "numtide",
        "repo": "flake-utils",
        "type": "github"
      }
    },
    "home-manager": {
      "inputs": {
        "nixpkgs": [
          "unstable"
        ],
        "utils": "utils"
      },
      "locked": {
        "lastModified": 1678904532,
        "narHash": "sha256-ziszYqNQtYxS1iPAPy6K8G94P/LghqM3niXrnKbp8pI=",
        "owner": "nix-community",
        "repo": "home-manager",
        "rev": "95201931f2e733705296d1d779e70793deaeb909",
        "type": "github"
      },
      "original": {
        "owner": "nix-community",
        "repo": "home-manager",
        "type": "github"
      }
    },
    "k9s": {
      "flake": false,
      "locked": {
        "lastModified": 1676333663,
        "narHash": "sha256-8mq2CG4eeCKd/DJEl6Fe5dvr34GMU03OPaS6P7tq40E=",
        "owner": "derailed",
        "repo": "k9s",
        "rev": "17a61323e155fa193db0a86d8e53238c7852454b",
        "type": "github"
      },
      "original": {
        "owner": "derailed",
        "repo": "k9s",
        "type": "github"
      }
    },
    "nixpkgs": {
      "locked": {
        "lastModified": 1665296151,
        "narHash": "sha256-uOB0oxqxN9K7XGF1hcnY+PQnlQJ+3bP2vCn/+Ru/bbc=",
        "owner": "NixOS",
        "repo": "nixpkgs",
        "rev": "14ccaaedd95a488dd7ae142757884d8e125b3363",
        "type": "github"
      },
      "original": {
        "owner": "NixOS",
        "ref": "nixpkgs-unstable",
        "repo": "nixpkgs",
        "type": "github"
      }
    },
    "root": {
      "inputs": {
        "home-manager": "home-manager",
        "k9s": "k9s",
        "nixpkgs": [
          "unstable"
        ],
        "rust-overlay": "rust-overlay",
        "stable": "stable",
        "unstable": "unstable"
      }
    },
    "rust-overlay": {
      "inputs": {
        "flake-utils": "flake-utils",
        "nixpkgs": "nixpkgs"
      },
      "locked": {
        "lastModified": 1678847038,
        "narHash": "sha256-69Tqu2GHOo/naYe2GHUFlyUOs5xC3eHc1Gyru/WShps=",
        "owner": "oxalica",
        "repo": "rust-overlay",
        "rev": "35f8293d6e58d14c6255d40be7bed3389d08701a",
        "type": "github"
      },
      "original": {
        "owner": "oxalica",
        "repo": "rust-overlay",
        "type": "github"
      }
    },
    "stable": {
      "locked": {
        "lastModified": 1678761643,
        "narHash": "sha256-tapXZvg6Kg5Fm7Fm6i+7cRC5Exp2lX7cgMrqsfrGhuc=",
        "owner": "NixOS",
        "repo": "nixpkgs",
        "rev": "c4aec3c021620d98861639946123214207e98344",
        "type": "github"
      },
      "original": {
        "owner": "NixOS",
        "ref": "nixos-22.11",
        "repo": "nixpkgs",
        "type": "github"
      }
    },
    "unstable": {
      "locked": {
        "lastModified": 1678843226,
        "narHash": "sha256-TkA5tsC8N38HNgaI/odBbSOJWkUrD1uIB2A7Yms72Is=",
        "owner": "NixOS",
        "repo": "nixpkgs",
        "rev": "abb2ade261c33516716aa21068d8c10c48d03367",
        "type": "github"
      },
      "original": {
        "owner": "NixOS",
        "ref": "nixpkgs-unstable",
        "repo": "nixpkgs",
        "type": "github"
      }
    },
    "utils": {
      "locked": {
        "lastModified": 1676283394,
        "narHash": "sha256-XX2f9c3iySLCw54rJ/CZs+ZK6IQy7GXNY4nSOyu2QG4=",
        "owner": "numtide",
        "repo": "flake-utils",
        "rev": "3db36a8b464d0c4532ba1c7dda728f4576d6d073",
        "type": "github"
      },
      "original": {
        "owner": "numtide",
        "repo": "flake-utils",
        "type": "github"
      }
    }
  },
  "root": "root",
  "version": 7
}
